
Microsoft Visual Studio Solution File, Format Version 12.00
# Visual Studio 15
VisualStudioVersion = 15.0.26730.10
MinimumVisualStudioVersion = 10.0.40219.1
Project("{FAE04EC0-301F-11D3-BF4B-00C04F79EFBC}") = "GistIntegrationAddin", "GistIntegrationAddin\GistIntegrationAddin.csproj", "{5CFA7840-B313-48D4-BBF0-30EBDAFFA6CF}"
EndProject
Project("{2150E333-8FDC-42A3-9474-1A3956D46DE8}") = "Other Files", "Other Files", "{3ADC3AAC-979C-4680-AA53-CAE175CA8D26}"
	ProjectSection(SolutionItems) = preProject
		Readme.md = Readme.md
	EndProjectSection
EndProject
Project("{9A19103F-16F7-4668-BE54-9A1E7A4F7556}") = "GistIntegrationAddinTests", "GistIntegrationAddinTests\GistIntegrationAddinTests.csproj", "{BC13B97E-36F4-4857-AF1E-B1F46F3CCC61}"
EndProject
Global
	GlobalSection(SolutionConfigurationPlatforms) = preSolution
		Debug|Any CPU = Debug|Any CPU
		Release|Any CPU = Release|Any CPU
	EndGlobalSection
	GlobalSection(ProjectConfigurationPlatforms) = postSolution
		{5CFA7840-B313-48D4-BBF0-30EBDAFFA6CF}.Debug|Any CPU.ActiveCfg = Debug|Any CPU
		{5CFA7840-B313-48D4-BBF0-30EBDAFFA6CF}.Debug|Any CPU.Build.0 = Debug|Any CPU
		{5CFA7840-B313-48D4-BBF0-30EBDAFFA6CF}.Release|Any CPU.ActiveCfg = Release|Any CPU
		{5CFA7840-B313-48D4-BBF0-30EBDAFFA6CF}.Release|Any CPU.Build.0 = Release|Any CPU
		{BC13B97E-36F4-4857-AF1E-B1F46F3CCC61}.Debug|Any CPU.ActiveCfg = Debug|Any CPU
		{BC13B97E-36F4-4857-AF1E-B1F46F3CCC61}.Debug|Any CPU.Build.0 = Debug|Any CPU
		{BC13B97E-36F4-4857-AF1E-B1F46F3CCC61}.Release|Any CPU.ActiveCfg = Release|Any CPU
		{BC13B97E-36F4-4857-AF1E-B1F46F3CCC61}.Release|Any CPU.Build.0 = Release|Any CPU
	EndGlobalSection
	GlobalSection(SolutionProperties) = preSolution
		HideSolutionNode = FALSE
	EndGlobalSection
	GlobalSection(ExtensibilityGlobals) = postSolution
		SolutionGuid = {D8CCF780-8F59-415D-B584-F13FD44EC0C4}
	EndGlobalSection
EndGlobal
